
Microsoft Visual Studio Solution File, Format Version 12.00
# Visual Studio Version 17
VisualStudioVersion = 17.5.33627.172
MinimumVisualStudioVersion = 10.0.40219.1
Project("{FAE04EC0-301F-11D3-BF4B-00C04F79EFBC}") = "SqlScriptExecutor.Core", "SqlScriptExecutor.Core\SqlScriptExecutor.Core.csproj", "{94D23C36-77DE-4449-BEE0-0F1973C1A17A}"
EndProject
Project("{FAE04EC0-301F-11D3-BF4B-00C04F79EFBC}") = "SqlScriptExecutor.Console", "SqlScriptExecutor.Console\SqlScriptExecutor.Console.csproj", "{9EA7219D-8D51-4E33-A8CB-5523C05A6C6C}"
EndProject
Global
	GlobalSection(SolutionConfigurationPlatforms) = preSolution
		Debug|Any CPU = Debug|Any CPU
		Release|Any CPU = Release|Any CPU
	EndGlobalSection
	GlobalSection(ProjectConfigurationPlatforms) = postSolution
		{94D23C36-77DE-4449-BEE0-0F1973C1A17A}.Debug|Any CPU.ActiveCfg = Debug|Any CPU
		{94D23C36-77DE-4449-BEE0-0F1973C1A17A}.Debug|Any CPU.Build.0 = Debug|Any CPU
		{94D23C36-77DE-4449-BEE0-0F1973C1A17A}.Release|Any CPU.ActiveCfg = Release|Any CPU
		{94D23C36-77DE-4449-BEE0-0F1973C1A17A}.Release|Any CPU.Build.0 = Release|Any CPU
		{9EA7219D-8D51-4E33-A8CB-5523C05A6C6C}.Debug|Any CPU.ActiveCfg = Debug|Any CPU
		{9EA7219D-8D51-4E33-A8CB-5523C05A6C6C}.Debug|Any CPU.Build.0 = Debug|Any CPU
		{9EA7219D-8D51-4E33-A8CB-5523C05A6C6C}.Release|Any CPU.ActiveCfg = Release|Any CPU
		{9EA7219D-8D51-4E33-A8CB-5523C05A6C6C}.Release|Any CPU.Build.0 = Release|Any CPU
	EndGlobalSection
	GlobalSection(SolutionProperties) = preSolution
		HideSolutionNode = FALSE
	EndGlobalSection
	GlobalSection(ExtensibilityGlobals) = postSolution
		SolutionGuid = {EE046162-6340-4A56-BB2C-0F1FB391A9F9}
	EndGlobalSection
EndGlobal
